
Microsoft Visual Studio Solution File, Format Version 12.00
# Visual Studio Version 16
VisualStudioVersion = 16.0.31112.23
MinimumVisualStudioVersion = 10.0.40219.1
Project("{FAE04EC0-301F-11D3-BF4B-00C04F79EFBC}") = "Web.BookStore", "Web.BookStore.csproj", "{53E15C62-10B7-47CF-9208-19E0DF677FDE}"
EndProject
Global
	GlobalSection(SolutionConfigurationPlatforms) = preSolution
		Debug|Any CPU = Debug|Any CPU
		Release|Any CPU = Release|Any CPU
	EndGlobalSection
	GlobalSection(ProjectConfigurationPlatforms) = postSolution
		{53E15C62-10B7-47CF-9208-19E0DF677FDE}.Debug|Any CPU.ActiveCfg = Debug|Any CPU
		{53E15C62-10B7-47CF-9208-19E0DF677FDE}.Debug|Any CPU.Build.0 = Debug|Any CPU
		{53E15C62-10B7-47CF-9208-19E0DF677FDE}.Release|Any CPU.ActiveCfg = Release|Any CPU
		{53E15C62-10B7-47CF-9208-19E0DF677FDE}.Release|Any CPU.Build.0 = Release|Any CPU
	EndGlobalSection
	GlobalSection(SolutionProperties) = preSolution
		HideSolutionNode = FALSE
	EndGlobalSection
	GlobalSection(ExtensibilityGlobals) = postSolution
		SolutionGuid = {17DC9E09-DD72-43BC-9DA9-A32A4AC5606E}
	EndGlobalSection
EndGlobal
